
Microsoft Visual Studio Solution File, Format Version 12.00
Project("{FAE04EC0-301F-11D3-BF4B-00C04F79EFBC}") = "SourceGenerator", "SourceGenerator\SourceGenerator.csproj", "{F62C0071-679F-49C7-B10E-BE95FE2A5186}"
EndProject
Project("{FAE04EC0-301F-11D3-BF4B-00C04F79EFBC}") = "UsageTests", "UsageTests\UsageTests.csproj", "{CEA2A7C7-BF1A-477F-9BE8-211369047C82}"
EndProject
Project("{FAE04EC0-301F-11D3-BF4B-00C04F79EFBC}") = "Tests", "Tests\Tests.csproj", "{2813DB54-11E2-421F-B4A6-B4985F9E8DB1}"
EndProject
Project("{FAE04EC0-301F-11D3-BF4B-00C04F79EFBC}") = "Runtime", "Runtime\Runtime.csproj", "{0ADFC65A-9DD2-4D39-ACA7-1D3526CA7AAC}"
EndProject
Project("{FAE04EC0-301F-11D3-BF4B-00C04F79EFBC}") = "Package", "Package\Package.csproj", "{55AA8E7E-1E43-47D6-90AF-D4E8613E0F21}"
EndProject
Project("{FAE04EC0-301F-11D3-BF4B-00C04F79EFBC}") = "SourceGenerator.Unity", "SourceGenerator.Unity\SourceGenerator.Unity.csproj", "{7A3EDD59-4670-4998-AAD5-08B0B83E0099}"
EndProject
Project("{FAE04EC0-301F-11D3-BF4B-00C04F79EFBC}") = "UsageTests.Unity", "UsageTests.Unity\UsageTests.Unity.csproj", "{77C2A524-9239-4259-BB4F-F65988BE4DB6}"
EndProject
Global
	GlobalSection(SolutionConfigurationPlatforms) = preSolution
		Debug|Any CPU = Debug|Any CPU
		Release|Any CPU = Release|Any CPU
	EndGlobalSection
	GlobalSection(ProjectConfigurationPlatforms) = postSolution
		{F62C0071-679F-49C7-B10E-BE95FE2A5186}.Debug|Any CPU.ActiveCfg = Debug|Any CPU
		{F62C0071-679F-49C7-B10E-BE95FE2A5186}.Debug|Any CPU.Build.0 = Debug|Any CPU
		{F62C0071-679F-49C7-B10E-BE95FE2A5186}.Release|Any CPU.ActiveCfg = Release|Any CPU
		{F62C0071-679F-49C7-B10E-BE95FE2A5186}.Release|Any CPU.Build.0 = Release|Any CPU
		{CEA2A7C7-BF1A-477F-9BE8-211369047C82}.Debug|Any CPU.ActiveCfg = Debug|Any CPU
		{CEA2A7C7-BF1A-477F-9BE8-211369047C82}.Debug|Any CPU.Build.0 = Debug|Any CPU
		{CEA2A7C7-BF1A-477F-9BE8-211369047C82}.Release|Any CPU.ActiveCfg = Release|Any CPU
		{CEA2A7C7-BF1A-477F-9BE8-211369047C82}.Release|Any CPU.Build.0 = Release|Any CPU
		{2813DB54-11E2-421F-B4A6-B4985F9E8DB1}.Debug|Any CPU.ActiveCfg = Debug|Any CPU
		{2813DB54-11E2-421F-B4A6-B4985F9E8DB1}.Debug|Any CPU.Build.0 = Debug|Any CPU
		{2813DB54-11E2-421F-B4A6-B4985F9E8DB1}.Release|Any CPU.ActiveCfg = Release|Any CPU
		{2813DB54-11E2-421F-B4A6-B4985F9E8DB1}.Release|Any CPU.Build.0 = Release|Any CPU
		{0ADFC65A-9DD2-4D39-ACA7-1D3526CA7AAC}.Debug|Any CPU.ActiveCfg = Debug|Any CPU
		{0ADFC65A-9DD2-4D39-ACA7-1D3526CA7AAC}.Debug|Any CPU.Build.0 = Debug|Any CPU
		{0ADFC65A-9DD2-4D39-ACA7-1D3526CA7AAC}.Release|Any CPU.ActiveCfg = Release|Any CPU
		{0ADFC65A-9DD2-4D39-ACA7-1D3526CA7AAC}.Release|Any CPU.Build.0 = Release|Any CPU
		{55AA8E7E-1E43-47D6-90AF-D4E8613E0F21}.Debug|Any CPU.ActiveCfg = Debug|Any CPU
		{55AA8E7E-1E43-47D6-90AF-D4E8613E0F21}.Debug|Any CPU.Build.0 = Debug|Any CPU
		{55AA8E7E-1E43-47D6-90AF-D4E8613E0F21}.Release|Any CPU.ActiveCfg = Release|Any CPU
		{55AA8E7E-1E43-47D6-90AF-D4E8613E0F21}.Release|Any CPU.Build.0 = Release|Any CPU
		{7A3EDD59-4670-4998-AAD5-08B0B83E0099}.Debug|Any CPU.ActiveCfg = Debug|Any CPU
		{7A3EDD59-4670-4998-AAD5-08B0B83E0099}.Debug|Any CPU.Build.0 = Debug|Any CPU
		{7A3EDD59-4670-4998-AAD5-08B0B83E0099}.Release|Any CPU.ActiveCfg = Release|Any CPU
		{7A3EDD59-4670-4998-AAD5-08B0B83E0099}.Release|Any CPU.Build.0 = Release|Any CPU
		{77C2A524-9239-4259-BB4F-F65988BE4DB6}.Debug|Any CPU.ActiveCfg = Debug|Any CPU
		{77C2A524-9239-4259-BB4F-F65988BE4DB6}.Debug|Any CPU.Build.0 = Debug|Any CPU
		{77C2A524-9239-4259-BB4F-F65988BE4DB6}.Release|Any CPU.ActiveCfg = Release|Any CPU
		{77C2A524-9239-4259-BB4F-F65988BE4DB6}.Release|Any CPU.Build.0 = Release|Any CPU
	EndGlobalSection
EndGlobal
